
Microsoft Visual Studio Solution File, Format Version 12.00
# Visual Studio Version 17
VisualStudioVersion = 17.1.31903.286
MinimumVisualStudioVersion = 10.0.40219.1
Project("{9A19103F-16F7-4668-BE54-9A1E7A4F7556}") = "Peliculas.Domain", "Peliculas.Domain\Peliculas.Domain.csproj", "{4095EBC4-69D7-4C41-80CF-E090802F490F}"
EndProject
Project("{9A19103F-16F7-4668-BE54-9A1E7A4F7556}") = "Peliculas.API", "Peliculas.API\Peliculas.API.csproj", "{0291DA68-5601-4713-803C-C7E7A1A9DE98}"
EndProject
Project("{9A19103F-16F7-4668-BE54-9A1E7A4F7556}") = "Peliculas.Infraestructure", "Peliculas.Infraestructure\Peliculas.Infraestructure.csproj", "{6AD4824A-8A25-411F-864C-C7A51ECCFD34}"
EndProject
Project("{9A19103F-16F7-4668-BE54-9A1E7A4F7556}") = "Peliculas.Application", "Peliculas.Application\Peliculas.Application.csproj", "{A18B7625-14E9-40B4-B607-F13945337B5A}"
EndProject
Project("{FAE04EC0-301F-11D3-BF4B-00C04F79EFBC}") = "Peliculas.Test", "Peliculas.Test\Peliculas.Test.csproj", "{29673FE5-C068-4D4A-998F-E795050B0783}"
EndProject
Global
	GlobalSection(SolutionConfigurationPlatforms) = preSolution
		Debug|Any CPU = Debug|Any CPU
		Release|Any CPU = Release|Any CPU
	EndGlobalSection
	GlobalSection(ProjectConfigurationPlatforms) = postSolution
		{4095EBC4-69D7-4C41-80CF-E090802F490F}.Debug|Any CPU.ActiveCfg = Debug|Any CPU
		{4095EBC4-69D7-4C41-80CF-E090802F490F}.Debug|Any CPU.Build.0 = Debug|Any CPU
		{4095EBC4-69D7-4C41-80CF-E090802F490F}.Release|Any CPU.ActiveCfg = Release|Any CPU
		{4095EBC4-69D7-4C41-80CF-E090802F490F}.Release|Any CPU.Build.0 = Release|Any CPU
		{0291DA68-5601-4713-803C-C7E7A1A9DE98}.Debug|Any CPU.ActiveCfg = Debug|Any CPU
		{0291DA68-5601-4713-803C-C7E7A1A9DE98}.Debug|Any CPU.Build.0 = Debug|Any CPU
		{0291DA68-5601-4713-803C-C7E7A1A9DE98}.Release|Any CPU.ActiveCfg = Release|Any CPU
		{0291DA68-5601-4713-803C-C7E7A1A9DE98}.Release|Any CPU.Build.0 = Release|Any CPU
		{6AD4824A-8A25-411F-864C-C7A51ECCFD34}.Debug|Any CPU.ActiveCfg = Debug|Any CPU
		{6AD4824A-8A25-411F-864C-C7A51ECCFD34}.Debug|Any CPU.Build.0 = Debug|Any CPU
		{6AD4824A-8A25-411F-864C-C7A51ECCFD34}.Release|Any CPU.ActiveCfg = Release|Any CPU
		{6AD4824A-8A25-411F-864C-C7A51ECCFD34}.Release|Any CPU.Build.0 = Release|Any CPU
		{A18B7625-14E9-40B4-B607-F13945337B5A}.Debug|Any CPU.ActiveCfg = Debug|Any CPU
		{A18B7625-14E9-40B4-B607-F13945337B5A}.Debug|Any CPU.Build.0 = Debug|Any CPU
		{A18B7625-14E9-40B4-B607-F13945337B5A}.Release|Any CPU.ActiveCfg = Release|Any CPU
		{A18B7625-14E9-40B4-B607-F13945337B5A}.Release|Any CPU.Build.0 = Release|Any CPU
		{29673FE5-C068-4D4A-998F-E795050B0783}.Debug|Any CPU.ActiveCfg = Debug|Any CPU
		{29673FE5-C068-4D4A-998F-E795050B0783}.Debug|Any CPU.Build.0 = Debug|Any CPU
		{29673FE5-C068-4D4A-998F-E795050B0783}.Release|Any CPU.ActiveCfg = Release|Any CPU
		{29673FE5-C068-4D4A-998F-E795050B0783}.Release|Any CPU.Build.0 = Release|Any CPU
	EndGlobalSection
	GlobalSection(SolutionProperties) = preSolution
		HideSolutionNode = FALSE
	EndGlobalSection
	GlobalSection(ExtensibilityGlobals) = postSolution
		SolutionGuid = {BD722990-31F9-439E-84A0-6E3093976543}
	EndGlobalSection
EndGlobal
